
Microsoft Visual Studio Solution File, Format Version 12.00
# Visual Studio Version 16
VisualStudioVersion = 16.0.30611.23
MinimumVisualStudioVersion = 10.0.40219.1
Project("{FAE04EC0-301F-11D3-BF4B-00C04F79EFBC}") = "Eplan.EplAddIn.WireMarking", "Eplan.EplAddIn.WireMarking\Eplan.EplAddIn.WireMarking.csproj", "{E9EA6A33-77A6-442C-867C-1FA936C925C5}"
EndProject
Global
	GlobalSection(SolutionConfigurationPlatforms) = preSolution
		Debug|Any CPU = Debug|Any CPU
		Release|Any CPU = Release|Any CPU
	EndGlobalSection
	GlobalSection(ProjectConfigurationPlatforms) = postSolution
		{E9EA6A33-77A6-442C-867C-1FA936C925C5}.Debug|Any CPU.ActiveCfg = Debug|Any CPU
		{E9EA6A33-77A6-442C-867C-1FA936C925C5}.Debug|Any CPU.Build.0 = Debug|Any CPU
		{E9EA6A33-77A6-442C-867C-1FA936C925C5}.Release|Any CPU.ActiveCfg = Release|Any CPU
		{E9EA6A33-77A6-442C-867C-1FA936C925C5}.Release|Any CPU.Build.0 = Release|Any CPU
	EndGlobalSection
	GlobalSection(SolutionProperties) = preSolution
		HideSolutionNode = FALSE
	EndGlobalSection
	GlobalSection(ExtensibilityGlobals) = postSolution
		SolutionGuid = {4AFF3FE2-C4B7-4EA8-B5DB-A378D47D7793}
	EndGlobalSection
EndGlobal
